
Microsoft Visual Studio Solution File, Format Version 12.00
# Visual Studio Version 16
VisualStudioVersion = 16.0.29806.167
MinimumVisualStudioVersion = 10.0.40219.1
Project("{FAE04EC0-301F-11D3-BF4B-00C04F79EFBC}") = "WebApplication_LibraryManagementProject", "WebApplication_LibraryManagementProject\WebApplication_LibraryManagementProject.csproj", "{258B827B-65E7-4C45-AEAA-793506D5B862}"
EndProject
Global
	GlobalSection(SolutionConfigurationPlatforms) = preSolution
		Debug|Any CPU = Debug|Any CPU
		Release|Any CPU = Release|Any CPU
	EndGlobalSection
	GlobalSection(ProjectConfigurationPlatforms) = postSolution
		{258B827B-65E7-4C45-AEAA-793506D5B862}.Debug|Any CPU.ActiveCfg = Debug|Any CPU
		{258B827B-65E7-4C45-AEAA-793506D5B862}.Debug|Any CPU.Build.0 = Debug|Any CPU
		{258B827B-65E7-4C45-AEAA-793506D5B862}.Release|Any CPU.ActiveCfg = Release|Any CPU
		{258B827B-65E7-4C45-AEAA-793506D5B862}.Release|Any CPU.Build.0 = Release|Any CPU
	EndGlobalSection
	GlobalSection(SolutionProperties) = preSolution
		HideSolutionNode = FALSE
	EndGlobalSection
	GlobalSection(ExtensibilityGlobals) = postSolution
		SolutionGuid = {B2CA7A0C-EE7F-45E5-8496-9BFC2B173F78}
	EndGlobalSection
EndGlobal
